
Microsoft Visual Studio Solution File, Format Version 12.00
# Visual Studio Version 17
VisualStudioVersion = 17.3.32901.215
MinimumVisualStudioVersion = 10.0.40219.1
Project("{9A19103F-16F7-4668-BE54-9A1E7A4F7556}") = "MYAZ_203", "MYAZ_203\MYAZ_203.csproj", "{FCC4C590-0C70-463A-9535-B3DA1A0B2500}"
EndProject
Global
	GlobalSection(SolutionConfigurationPlatforms) = preSolution
		Debug|Any CPU = Debug|Any CPU
		Release|Any CPU = Release|Any CPU
	EndGlobalSection
	GlobalSection(ProjectConfigurationPlatforms) = postSolution
		{FCC4C590-0C70-463A-9535-B3DA1A0B2500}.Debug|Any CPU.ActiveCfg = Debug|Any CPU
		{FCC4C590-0C70-463A-9535-B3DA1A0B2500}.Debug|Any CPU.Build.0 = Debug|Any CPU
		{FCC4C590-0C70-463A-9535-B3DA1A0B2500}.Release|Any CPU.ActiveCfg = Release|Any CPU
		{FCC4C590-0C70-463A-9535-B3DA1A0B2500}.Release|Any CPU.Build.0 = Release|Any CPU
	EndGlobalSection
	GlobalSection(SolutionProperties) = preSolution
		HideSolutionNode = FALSE
	EndGlobalSection
	GlobalSection(ExtensibilityGlobals) = postSolution
		SolutionGuid = {B82A4768-8BA4-4787-8C59-90CEE1A79607}
	EndGlobalSection
EndGlobal
